<Solution>
  <Folder Name="/src/">
    <Project Path="src/TargetGrps.Partelisto.Mcp.Api/TargetGrps.Partelisto.Mcp.Api.csproj" />
    <Project Path="src/TargetGrps.Partelisto.Mcp.Application/TargetGrps.Partelisto.Mcp.Application.csproj" />
    <Project Path="src/TargetGrps.Partelisto.Mcp.Infrastructure/TargetGrps.Partelisto.Mcp.Infrastructure.csproj" />
    <Project Path="src/TargetGrps.Partelisto.Mcp.UnitTests/TargetGrps.Partelisto.Mcp.UnitTests.csproj" />
  </Folder>
</Solution>
